apiVersion: catalog.confighub.com/v1alpha1
kind: SveltosFleetRehearsalLock
metadata:
  name: fleet-rehearsal-prerequisites
spec:
  sveltos:
    version: v1.13.0
    manifestUrl: https://raw.githubusercontent.com/projectsveltos/sveltos/v1.13.0/manifest/manifest.yaml
    manifestSha256: 5538558ad428617153f963318f22e70eb32fa949e9e0f07e07f02a0db700e2d7
    note: The release whose remote fetch path was verified live and recorded in docs/planning/remote-url-oci-probe.md. Sveltos fetches each published wave from the registry itself, so the rehearsal installs no other controller.
  podinfo:
    chartVersion: "6.14.1"
    appVersion: 6.14.1
    chartDigest: 3d4a2ab092c83f39772de5f927aba6fb4f295a70e2b7302383edf249d44f78e3
    artifact: https://stefanprodan.github.io/podinfo/podinfo-6.14.1.tgz
    note: The demo application that rides the same fleet rails with per-environment replica counts.
  boundary:
    governanceClaim: false
    note: The rehearsal exercises delivery machinery only. No ConfigHub, no reviews, no approvals, and no chapter matrix cell is filled by it.
